
Microsoft Visual Studio Solution File, Format Version 12.00
Project("{FAE04EC0-301F-11D3-BF4B-00C04F79EFBC}") = "NanoTips.Client", "NanoTips.Client\NanoTips.Client.csproj", "{AEA09869-D6F6-4EB6-A2C1-C3023E9550FD}"
EndProject
Project("{FAE04EC0-301F-11D3-BF4B-00C04F79EFBC}") = "NanoTips.Web", "NanoTips.Web\NanoTips.Web.csproj", "{7A8D704C-AB36-40C6-A1E0-8601F7EA0F36}"
EndProject
Project("{FAE04EC0-301F-11D3-BF4B-00C04F79EFBC}") = "NanoTips.Data", "NanoTips.Data\NanoTips.Data.csproj", "{3AAA58DC-5CB2-4BC5-9E39-2E77A04DC389}"
EndProject
Global
	GlobalSection(SolutionConfigurationPlatforms) = preSolution
		Debug|Any CPU = Debug|Any CPU
		Release|Any CPU = Release|Any CPU
	EndGlobalSection
	GlobalSection(ProjectConfigurationPlatforms) = postSolution
		{AEA09869-D6F6-4EB6-A2C1-C3023E9550FD}.Debug|Any CPU.ActiveCfg = Debug|Any CPU
		{AEA09869-D6F6-4EB6-A2C1-C3023E9550FD}.Debug|Any CPU.Build.0 = Debug|Any CPU
		{AEA09869-D6F6-4EB6-A2C1-C3023E9550FD}.Release|Any CPU.ActiveCfg = Release|Any CPU
		{AEA09869-D6F6-4EB6-A2C1-C3023E9550FD}.Release|Any CPU.Build.0 = Release|Any CPU
		{7A8D704C-AB36-40C6-A1E0-8601F7EA0F36}.Debug|Any CPU.ActiveCfg = Debug|Any CPU
		{7A8D704C-AB36-40C6-A1E0-8601F7EA0F36}.Debug|Any CPU.Build.0 = Debug|Any CPU
		{7A8D704C-AB36-40C6-A1E0-8601F7EA0F36}.Release|Any CPU.ActiveCfg = Release|Any CPU
		{7A8D704C-AB36-40C6-A1E0-8601F7EA0F36}.Release|Any CPU.Build.0 = Release|Any CPU
		{3AAA58DC-5CB2-4BC5-9E39-2E77A04DC389}.Debug|Any CPU.ActiveCfg = Debug|Any CPU
		{3AAA58DC-5CB2-4BC5-9E39-2E77A04DC389}.Debug|Any CPU.Build.0 = Debug|Any CPU
		{3AAA58DC-5CB2-4BC5-9E39-2E77A04DC389}.Release|Any CPU.ActiveCfg = Release|Any CPU
		{3AAA58DC-5CB2-4BC5-9E39-2E77A04DC389}.Release|Any CPU.Build.0 = Release|Any CPU
	EndGlobalSection
EndGlobal
